Microsoft Visual Studio Solution File, Format Version 11.00
# Visual Studio 2008

Project("{2ADAB77D-CE50-27D8-530F-88ABDD80C0B2}") = "unityAI", "Assembly-CSharp.csproj", "{09988D6D-B39A-571F-C91F-F29395ED6D7E}"
EndProject
Project("{2ADAB77D-CE50-27D8-530F-88ABDD80C0B2}") = "unityAI", "Assembly-CSharp-Editor.csproj", "{B9B40442-DBB5-8A1D-BACB-A695BCE1A52F}"
EndProject
Global
	GlobalSection(SolutionConfigurationPlatforms) = preSolution
		Debug|Any CPU = Debug|Any CPU
		Release|Any CPU = Release|Any CPU
	EndGlobalSection
	GlobalSection(ProjectConfigurationPlatforms) = postSolution
		{09988D6D-B39A-571F-C91F-F29395ED6D7E}.Debug|Any CPU.ActiveCfg = Debug|Any CPU
		{09988D6D-B39A-571F-C91F-F29395ED6D7E}.Debug|Any CPU.Build.0 = Debug|Any CPU
		{09988D6D-B39A-571F-C91F-F29395ED6D7E}.Release|Any CPU.ActiveCfg = Release|Any CPU
		{09988D6D-B39A-571F-C91F-F29395ED6D7E}.Release|Any CPU.Build.0 = Release|Any CPU
		{B9B40442-DBB5-8A1D-BACB-A695BCE1A52F}.Debug|Any CPU.ActiveCfg = Debug|Any CPU
		{B9B40442-DBB5-8A1D-BACB-A695BCE1A52F}.Debug|Any CPU.Build.0 = Debug|Any CPU
		{B9B40442-DBB5-8A1D-BACB-A695BCE1A52F}.Release|Any CPU.ActiveCfg = Release|Any CPU
		{B9B40442-DBB5-8A1D-BACB-A695BCE1A52F}.Release|Any CPU.Build.0 = Release|Any CPU
	EndGlobalSection
	GlobalSection(SolutionProperties) = preSolution
		HideSolutionNode = FALSE
	EndGlobalSection
	GlobalSection(MonoDevelopProperties) = preSolution
		StartupItem = Assembly-CSharp.csproj
	EndGlobalSection
EndGlobal
